// !$*UTF8*$!
{
	archiveVersion = 1;
	classes = {
	};
	objectVersion = 50;
	objects = {

/* Begin PBXBuildFile section */
		0792D953B9857EBACD34D156 /* Pods_CpPractice.framework in Frameworks */ = {isa = PBXBuildFile; fileRef = CB2F5BD7B7E5136B4A121348 /* Pods_CpPractice.framework */; };
		74208F07228BEF3100619263 /* MainCollectionViewCell.swift in Sources */ = {isa = PBXBuildFile; fileRef = 74208F06228BEF3100619263 /* MainCollectionViewCell.swift */; };
		74208F09228C03D500619263 /* MainCollectionHeaderView.swift in Sources */ = {isa = PBXBuildFile; fileRef = 74208F08228C03D500619263 /* MainCollectionHeaderView.swift */; };
		74208F0F228C1EE500619263 /* BaseViewController.swift in Sources */ = {isa = PBXBuildFile; fileRef = 74208F0E228C1EE500619263 /* BaseViewController.swift */; };
		7469A448228BD05D0080E2C5 /* AppDelegate.swift in Sources */ = {isa = PBXBuildFile; fileRef = 7469A447228BD05D0080E2C5 /* AppDelegate.swift */; };
		7469A44F228BD05E0080E2C5 /* Assets.xcassets in Resources */ = {isa = PBXBuildFile; fileRef = 7469A44E228BD05E0080E2C5 /* Assets.xcassets */; };
		7469A452228BD05E0080E2C5 /* LaunchScreen.storyboard in Resources */ = {isa = PBXBuildFile; fileRef = 7469A450228BD05E0080E2C5 /* LaunchScreen.storyboard */; };
		7469A45D228BD05E0080E2C5 /* CpPracticeTests.swift in Sources */ = {isa = PBXBuildFile; fileRef = 7469A45C228BD05E0080E2C5 /* CpPracticeTests.swift */; };
		7469A468228BD05E0080E2C5 /* CpPracticeUITests.swift in Sources */ = {isa = PBXBuildFile; fileRef = 7469A467228BD05E0080E2C5 /* CpPracticeUITests.swift */; };
		7469A47B228BE23D0080E2C5 /* HeaderFile.swift in Sources */ = {isa = PBXBuildFile; fileRef = 7469A47A228BE23D0080E2C5 /* HeaderFile.swift */; };
		74855115229271CB005FE749 /* ActivitiesTableViewCell.swift in Sources */ = {isa = PBXBuildFile; fileRef = 74855114229271CB005FE749 /* ActivitiesTableViewCell.swift */; };
		7499C76D228D1001005F3FBC /* TabBarViewController.swift in Sources */ = {isa = PBXBuildFile; fileRef = 7499C76C228D1001005F3FBC /* TabBarViewController.swift */; };
		7499C76F228D1014005F3FBC /* TabBar.swift in Sources */ = {isa = PBXBuildFile; fileRef = 7499C76E228D1014005F3FBC /* TabBar.swift */; };
		7499C771228D102F005F3FBC /* TabBarButton.swift in Sources */ = {isa = PBXBuildFile; fileRef = 7499C770228D102F005F3FBC /* TabBarButton.swift */; };
		7499C77A228D1533005F3FBC /* BuyHallViewController.swift in Sources */ = {isa = PBXBuildFile; fileRef = 7499C779228D1533005F3FBC /* BuyHallViewController.swift */; };
		7499C77C228D154A005F3FBC /* AnnouncementViewController.swift in Sources */ = {isa = PBXBuildFile; fileRef = 7499C77B228D154A005F3FBC /* AnnouncementViewController.swift */; };
		7499C77D228D168D005F3FBC /* HomeViewController.swift in Sources */ = {isa = PBXBuildFile; fileRef = 7469A449228BD05D0080E2C5 /* HomeViewController.swift */; };
		7499C77F228D16CD005F3FBC /* ActivitiesViewController.swift in Sources */ = {isa = PBXBuildFile; fileRef = 7499C77E228D16CD005F3FBC /* ActivitiesViewController.swift */; };
		7499C781228D16D8005F3FBC /* MineViewController.swift in Sources */ = {isa = PBXBuildFile; fileRef = 7499C780228D16D8005F3FBC /* MineViewController.swift */; };
		74FF008F228E6C7D00A3DC65 /* AnnouncementTableViewCell.swift in Sources */ = {isa = PBXBuildFile; fileRef = 74FF008E228E6C7D00A3DC65 /* AnnouncementTableViewCell.swift */; };
		74FF0091228E80FE00A3DC65 /* BallView.swift in Sources */ = {isa = PBXBuildFile; fileRef = 74FF0090228E80FE00A3DC65 /* BallView.swift */; };
/* End PBXBuildFile section */

/* Begin PBXContainerItemProxy section */
		7469A459228BD05E0080E2C5 /* PBXContainerItemProxy */ = {
			isa = PBXContainerItemProxy;
			containerPortal = 7469A43C228BD05D0080E2C5 /* Project object */;
			proxyType = 1;
			remoteGlobalIDString = 7469A443228BD05D0080E2C5;
			remoteInfo = CpPractice;
		};
		7469A464228BD05E0080E2C5 /* PBXContainerItemProxy */ = {
			isa = PBXContainerItemProxy;
			containerPortal = 7469A43C228BD05D0080E2C5 /* Project object */;
			proxyType = 1;
			remoteGlobalIDString = 7469A443228BD05D0080E2C5;
			remoteInfo = CpPractice;
		};
/* End PBXContainerItemProxy section */

/* Begin PBXFileReference section */
		38A7D6D53700DA7E3D32EC52 /* Pods-CpPractice.release.xcconfig */ = {isa = PBXFileReference; includeInIndex = 1; lastKnownFileType = text.xcconfig; name = "Pods-CpPractice.release.xcconfig"; path = "Target Support Files/Pods-CpPractice/Pods-CpPractice.release.xcconfig"; sourceTree = "<group>"; };
		3E6D89DA5396DF8C6EB9128A /* Pods-CpPractice.debug.xcconfig */ = {isa = PBXFileReference; includeInIndex = 1; lastKnownFileType = text.xcconfig; name = "Pods-CpPractice.debug.xcconfig"; path = "Target Support Files/Pods-CpPractice/Pods-CpPractice.debug.xcconfig"; sourceTree = "<group>"; };
		74208F06228BEF3100619263 /* MainCollectionViewCell.swift */ = {isa = PBXFileReference; lastKnownFileType = sourcecode.swift; path = MainCollectionViewCell.swift; sourceTree = "<group>"; };
		74208F08228C03D500619263 /* MainCollectionHeaderView.swift */ = {isa = PBXFileReference; lastKnownFileType = sourcecode.swift; path = MainCollectionHeaderView.swift; sourceTree = "<group>"; };
		74208F0E228C1EE500619263 /* BaseViewController.swift */ = {isa = PBXFileReference; lastKnownFileType = sourcecode.swift; path = BaseViewController.swift; sourceTree = "<group>"; };
		7469A444228BD05D0080E2C5 /* CpPractice.app */ = {isa = PBXFileReference; explicitFileType = wrapper.application; includeInIndex = 0; path = CpPractice.app; sourceTree = BUILT_PRODUCTS_DIR; };
		7469A447228BD05D0080E2C5 /* AppDelegate.swift */ = {isa = PBXFileReference; lastKnownFileType = sourcecode.swift; path = AppDelegate.swift; sourceTree = "<group>"; };
		7469A449228BD05D0080E2C5 /* HomeViewController.swift */ = {isa = PBXFileReference; lastKnownFileType = sourcecode.swift; path = HomeViewController.swift; sourceTree = "<group>"; };
		7469A44E228BD05E0080E2C5 /* Assets.xcassets */ = {isa = PBXFileReference; lastKnownFileType = folder.assetcatalog; path = Assets.xcassets; sourceTree = "<group>"; };
		7469A451228BD05E0080E2C5 /* Base */ = {isa = PBXFileReference; lastKnownFileType = file.storyboard; name = Base; path = Base.lproj/LaunchScreen.storyboard; sourceTree = "<group>"; };
		7469A453228BD05E0080E2C5 /* Info.plist */ = {isa = PBXFileReference; lastKnownFileType = text.plist.xml; path = Info.plist; sourceTree = "<group>"; };
		7469A458228BD05E0080E2C5 /* CpPracticeTests.xctest */ = {isa = PBXFileReference; explicitFileType = wrapper.cfbundle; includeInIndex = 0; path = CpPracticeTests.xctest; sourceTree = BUILT_PRODUCTS_DIR; };
		7469A45C228BD05E0080E2C5 /* CpPracticeTests.swift */ = {isa = PBXFileReference; lastKnownFileType = sourcecode.swift; path = CpPracticeTests.swift; sourceTree = "<group>"; };
		7469A45E228BD05E0080E2C5 /* Info.plist */ = {isa = PBXFileReference; lastKnownFileType = text.plist.xml; path = Info.plist; sourceTree = "<group>"; };
		7469A463228BD05E0080E2C5 /* CpPracticeUITests.xctest */ = {isa = PBXFileReference; explicitFileType = wrapper.cfbundle; includeInIndex = 0; path = CpPracticeUITests.xctest; sourceTree = BUILT_PRODUCTS_DIR; };
		7469A467228BD05E0080E2C5 /* CpPracticeUITests.swift */ = {isa = PBXFileReference; lastKnownFileType = sourcecode.swift; path = CpPracticeUITests.swift; sourceTree = "<group>"; };
		7469A469228BD05E0080E2C5 /* Info.plist */ = {isa = PBXFileReference; lastKnownFileType = text.plist.xml; path = Info.plist; sourceTree = "<group>"; };
		7469A47A228BE23D0080E2C5 /* HeaderFile.swift */ = {isa = PBXFileReference; fileEncoding = 4; lastKnownFileType = sourcecode.swift; path = HeaderFile.swift; sourceTree = "<group>"; };
		74855114229271CB005FE749 /* ActivitiesTableViewCell.swift */ = {isa = PBXFileReference; lastKnownFileType = sourcecode.swift; path = ActivitiesTableViewCell.swift; sourceTree = "<group>"; };
		7499C76C228D1001005F3FBC /* TabBarViewController.swift */ = {isa = PBXFileReference; lastKnownFileType = sourcecode.swift; path = TabBarViewController.swift; sourceTree = "<group>"; };
		7499C76E228D1014005F3FBC /* TabBar.swift */ = {isa = PBXFileReference; lastKnownFileType = sourcecode.swift; path = TabBar.swift; sourceTree = "<group>"; };
		7499C770228D102F005F3FBC /* TabBarButton.swift */ = {isa = PBXFileReference; lastKnownFileType = sourcecode.swift; path = TabBarButton.swift; sourceTree = "<group>"; };
		7499C779228D1533005F3FBC /* BuyHallViewController.swift */ = {isa = PBXFileReference; lastKnownFileType = sourcecode.swift; path = BuyHallViewController.swift; sourceTree = "<group>"; };
		7499C77B228D154A005F3FBC /* AnnouncementViewController.swift */ = {isa = PBXFileReference; lastKnownFileType = sourcecode.swift; path = AnnouncementViewController.swift; sourceTree = "<group>"; };
		7499C77E228D16CD005F3FBC /* ActivitiesViewController.swift */ = {isa = PBXFileReference; lastKnownFileType = sourcecode.swift; path = ActivitiesViewController.swift; sourceTree = "<group>"; };
		7499C780228D16D8005F3FBC /* MineViewController.swift */ = {isa = PBXFileReference; lastKnownFileType = sourcecode.swift; path = MineViewController.swift; sourceTree = "<group>"; };
		74FF008E228E6C7D00A3DC65 /* AnnouncementTableViewCell.swift */ = {isa = PBXFileReference; lastKnownFileType = sourcecode.swift; path = AnnouncementTableViewCell.swift; sourceTree = "<group>"; };
		74FF0090228E80FE00A3DC65 /* BallView.swift */ = {isa = PBXFileReference; lastKnownFileType = sourcecode.swift; path = BallView.swift; sourceTree = "<group>"; };
		CB2F5BD7B7E5136B4A121348 /* Pods_CpPractice.framework */ = {isa = PBXFileReference; explicitFileType = wrapper.framework; includeInIndex = 0; path = Pods_CpPractice.framework; sourceTree = BUILT_PRODUCTS_DIR; };
/* End PBXFileReference section */

/* Begin PBXFrameworksBuildPhase section */
		7469A441228BD05D0080E2C5 /* Frameworks */ = {
			isa = PBXFrameworksBuildPhase;
			buildActionMask = 2147483647;
			files = (
				0792D953B9857EBACD34D156 /* Pods_CpPractice.framework in Frameworks */,
			);
			runOnlyForDeploymentPostprocessing = 0;
		};
		7469A455228BD05E0080E2C5 /* Frameworks */ = {
			isa = PBXFrameworksBuildPhase;
			buildActionMask = 2147483647;
			files = (
			);
			runOnlyForDeploymentPostprocessing = 0;
		};
		7469A460228BD05E0080E2C5 /* Frameworks */ = {
			isa = PBXFrameworksBuildPhase;
			buildActionMask = 2147483647;
			files = (
			);
			runOnlyForDeploymentPostprocessing = 0;
		};
/* End PBXFrameworksBuildPhase section */

/* Begin PBXGroup section */
		7469A43B228BD05D0080E2C5 = {
			isa = PBXGroup;
			children = (
				7469A446228BD05D0080E2C5 /* CpPractice */,
				7469A45B228BD05E0080E2C5 /* CpPracticeTests */,
				7469A466228BD05E0080E2C5 /* CpPracticeUITests */,
				7469A445228BD05D0080E2C5 /* Products */,
				CAA5E2B15F517EA010CC1010 /* Pods */,
				895634A7C089050997C3C3D9 /* Frameworks */,
			);
			sourceTree = "<group>";
		};
		7469A445228BD05D0080E2C5 /* Products */ = {
			isa = PBXGroup;
			children = (
				7469A444228BD05D0080E2C5 /* CpPractice.app */,
				7469A458228BD05E0080E2C5 /* CpPracticeTests.xctest */,
				7469A463228BD05E0080E2C5 /* CpPracticeUITests.xctest */,
			);
			name = Products;
			sourceTree = "<group>";
		};
		7469A446228BD05D0080E2C5 /* CpPractice */ = {
			isa = PBXGroup;
			children = (
				7469A447228BD05D0080E2C5 /* AppDelegate.swift */,
				7499C774228D12D7005F3FBC /* Utility */,
				7499C76B228D0FDD005F3FBC /* TabBar */,
				7499C773228D1289005F3FBC /* Base */,
				7499C772228D126F005F3FBC /* Home */,
				7499C775228D1316005F3FBC /* BuyHall */,
				7499C776228D13AC005F3FBC /* Announcement */,
				7499C777228D13CE005F3FBC /* Activities */,
				7499C778228D149A005F3FBC /* Mine */,
				7469A44E228BD05E0080E2C5 /* Assets.xcassets */,
				7469A450228BD05E0080E2C5 /* LaunchScreen.storyboard */,
				7469A453228BD05E0080E2C5 /* Info.plist */,
			);
			path = CpPractice;
			sourceTree = "<group>";
		};
		7469A45B228BD05E0080E2C5 /* CpPracticeTests */ = {
			isa = PBXGroup;
			children = (
				7469A45C228BD05E0080E2C5 /* CpPracticeTests.swift */,
				7469A45E228BD05E0080E2C5 /* Info.plist */,
			);
			path = CpPracticeTests;
			sourceTree = "<group>";
		};
		7469A466228BD05E0080E2C5 /* CpPracticeUITests */ = {
			isa = PBXGroup;
			children = (
				7469A467228BD05E0080E2C5 /* CpPracticeUITests.swift */,
				7469A469228BD05E0080E2C5 /* Info.plist */,
			);
			path = CpPracticeUITests;
			sourceTree = "<group>";
		};
		7499C76B228D0FDD005F3FBC /* TabBar */ = {
			isa = PBXGroup;
			children = (
				7499C76C228D1001005F3FBC /* TabBarViewController.swift */,
				7499C76E228D1014005F3FBC /* TabBar.swift */,
				7499C770228D102F005F3FBC /* TabBarButton.swift */,
			);
			path = TabBar;
			sourceTree = "<group>";
		};
		7499C772228D126F005F3FBC /* Home */ = {
			isa = PBXGroup;
			children = (
				7469A449228BD05D0080E2C5 /* HomeViewController.swift */,
				74208F06228BEF3100619263 /* MainCollectionViewCell.swift */,
				74208F08228C03D500619263 /* MainCollectionHeaderView.swift */,
			);
			path = Home;
			sourceTree = "<group>";
		};
		7499C773228D1289005F3FBC /* Base */ = {
			isa = PBXGroup;
			children = (
				74208F0E228C1EE500619263 /* BaseViewController.swift */,
				74FF0090228E80FE00A3DC65 /* BallView.swift */,
			);
			path = Base;
			sourceTree = "<group>";
		};
		7499C774228D12D7005F3FBC /* Utility */ = {
			isa = PBXGroup;
			children = (
				7469A47A228BE23D0080E2C5 /* HeaderFile.swift */,
			);
			path = Utility;
			sourceTree = "<group>";
		};
		7499C775228D1316005F3FBC /* BuyHall */ = {
			isa = PBXGroup;
			children = (
				7499C779228D1533005F3FBC /* BuyHallViewController.swift */,
			);
			path = BuyHall;
			sourceTree = "<group>";
		};
		7499C776228D13AC005F3FBC /* Announcement */ = {
			isa = PBXGroup;
			children = (
				7499C77B228D154A005F3FBC /* AnnouncementViewController.swift */,
				74FF008E228E6C7D00A3DC65 /* AnnouncementTableViewCell.swift */,
			);
			path = Announcement;
			sourceTree = "<group>";
		};
		7499C777228D13CE005F3FBC /* Activities */ = {
			isa = PBXGroup;
			children = (
				7499C77E228D16CD005F3FBC /* ActivitiesViewController.swift */,
				74855114229271CB005FE749 /* ActivitiesTableViewCell.swift */,
			);
			path = Activities;
			sourceTree = "<group>";
		};
		7499C778228D149A005F3FBC /* Mine */ = {
			isa = PBXGroup;
			children = (
				7499C780228D16D8005F3FBC /* MineViewController.swift */,
			);
			path = Mine;
			sourceTree = "<group>";
		};
		895634A7C089050997C3C3D9 /* Frameworks */ = {
			isa = PBXGroup;
			children = (
				CB2F5BD7B7E5136B4A121348 /* Pods_CpPractice.framework */,
			);
			name = Frameworks;
			sourceTree = "<group>";
		};
		CAA5E2B15F517EA010CC1010 /* Pods */ = {
			isa = PBXGroup;
			children = (
				3E6D89DA5396DF8C6EB9128A /* Pods-CpPractice.debug.xcconfig */,
				38A7D6D53700DA7E3D32EC52 /* Pods-CpPractice.release.xcconfig */,
			);
			path = Pods;
			sourceTree = "<group>";
		};
/* End PBXGroup section */

/* Begin PBXNativeTarget section */
		7469A443228BD05D0080E2C5 /* CpPractice */ = {
			isa = PBXNativeTarget;
			buildConfigurationList = 7469A46C228BD05E0080E2C5 /* Build configuration list for PBXNativeTarget "CpPractice" */;
			buildPhases = (
				7CBF2F738C034A4A4C3E3ECB /* [CP] Check Pods Manifest.lock */,
				7469A440228BD05D0080E2C5 /* Sources */,
				7469A441228BD05D0080E2C5 /* Frameworks */,
				7469A442228BD05D0080E2C5 /* Resources */,
				C0CE4DC82C9D49683D9DD874 /* [CP] Embed Pods Frameworks */,
			);
			buildRules = (
			);
			dependencies = (
			);
			name = CpPractice;
			productName = CpPractice;
			productReference = 7469A444228BD05D0080E2C5 /* CpPractice.app */;
			productType = "com.apple.product-type.application";
		};
		7469A457228BD05E0080E2C5 /* CpPracticeTests */ = {
			isa = PBXNativeTarget;
			buildConfigurationList = 7469A46F228BD05E0080E2C5 /* Build configuration list for PBXNativeTarget "CpPracticeTests" */;
			buildPhases = (
				7469A454228BD05E0080E2C5 /* Sources */,
				7469A455228BD05E0080E2C5 /* Frameworks */,
				7469A456228BD05E0080E2C5 /* Resources */,
			);
			buildRules = (
			);
			dependencies = (
				7469A45A228BD05E0080E2C5 /* PBXTargetDependency */,
			);
			name = CpPracticeTests;
			productName = CpPracticeTests;
			productReference = 7469A458228BD05E0080E2C5 /* CpPracticeTests.xctest */;
			productType = "com.apple.product-type.bundle.unit-test";
		};
		7469A462228BD05E0080E2C5 /* CpPracticeUITests */ = {
			isa = PBXNativeTarget;
			buildConfigurationList = 7469A472228BD05E0080E2C5 /* Build configuration list for PBXNativeTarget "CpPracticeUITests" */;
			buildPhases = (
				7469A45F228BD05E0080E2C5 /* Sources */,
				7469A460228BD05E0080E2C5 /* Frameworks */,
				7469A461228BD05E0080E2C5 /* Resources */,
			);
			buildRules = (
			);
			dependencies = (
				7469A465228BD05E0080E2C5 /* PBXTargetDependency */,
			);
			name = CpPracticeUITests;
			productName = CpPracticeUITests;
			productReference = 7469A463228BD05E0080E2C5 /* CpPracticeUITests.xctest */;
			productType = "com.apple.product-type.bundle.ui-testing";
		};
/* End PBXNativeTarget section */

/* Begin PBXProject section */
		7469A43C228BD05D0080E2C5 /* Project object */ = {
			isa = PBXProject;
			attributes = {
				LastSwiftUpdateCheck = 1020;
				LastUpgradeCheck = 1020;
				ORGANIZATIONNAME = "dev10001 fh";
				TargetAttributes = {
					7469A443228BD05D0080E2C5 = {
						CreatedOnToolsVersion = 10.2.1;
					};
					7469A457228BD05E0080E2C5 = {
						CreatedOnToolsVersion = 10.2.1;
						TestTargetID = 7469A443228BD05D0080E2C5;
					};
					7469A462228BD05E0080E2C5 = {
						CreatedOnToolsVersion = 10.2.1;
						TestTargetID = 7469A443228BD05D0080E2C5;
					};
				};
			};
			buildConfigurationList = 7469A43F228BD05D0080E2C5 /* Build configuration list for PBXProject "CpPractice" */;
			compatibilityVersion = "Xcode 9.3";
			developmentRegion = en;
			hasScannedForEncodings = 0;
			knownRegions = (
				en,
				Base,
			);
			mainGroup = 7469A43B228BD05D0080E2C5;
			productRefGroup = 7469A445228BD05D0080E2C5 /* Products */;
			projectDirPath = "";
			projectRoot = "";
			targets = (
				7469A443228BD05D0080E2C5 /* CpPractice */,
				7469A457228BD05E0080E2C5 /* CpPracticeTests */,
				7469A462228BD05E0080E2C5 /* CpPracticeUITests */,
			);
		};
/* End PBXProject section */

/* Begin PBXResourcesBuildPhase section */
		7469A442228BD05D0080E2C5 /* Resources */ = {
			isa = PBXResourcesBuildPhase;
			buildActionMask = 2147483647;
			files = (
				7469A452228BD05E0080E2C5 /* LaunchScreen.storyboard in Resources */,
				7469A44F228BD05E0080E2C5 /* Assets.xcassets in Resources */,
			);
			runOnlyForDeploymentPostprocessing = 0;
		};
		7469A456228BD05E0080E2C5 /* Resources */ = {
			isa = PBXResourcesBuildPhase;
			buildActionMask = 2147483647;
			files = (
			);
			runOnlyForDeploymentPostprocessing = 0;
		};
		7469A461228BD05E0080E2C5 /* Resources */ = {
			isa = PBXResourcesBuildPhase;
			buildActionMask = 2147483647;
			files = (
			);
			runOnlyForDeploymentPostprocessing = 0;
		};
/* End PBXResourcesBuildPhase section */

/* Begin PBXShellScriptBuildPhase section */
		7CBF2F738C034A4A4C3E3ECB /* [CP] Check Pods Manifest.lock */ = {
			isa = PBXShellScriptBuildPhase;
			buildActionMask = 2147483647;
			files = (
			);
			inputFileListPaths = (
			);
			inputPaths = (
				"${PODS_PODFILE_DIR_PATH}/Podfile.lock",
				"${PODS_ROOT}/Manifest.lock",
			);
			name = "[CP] Check Pods Manifest.lock";
			outputFileListPaths = (
			);
			outputPaths = (
				"$(DERIVED_FILE_DIR)/Pods-CpPractice-checkManifestLockResult.txt",
			);
			runOnlyForDeploymentPostprocessing = 0;
			shellPath = /bin/sh;
			shellScript = "diff \"${PODS_PODFILE_DIR_PATH}/Podfile.lock\" \"${PODS_ROOT}/Manifest.lock\" > /dev/null\nif [ $? != 0 ] ; then\n    # print error to STDERR\n    echo \"error: The sandbox is not in sync with the Podfile.lock. Run 'pod install' or update your CocoaPods installation.\" >&2\n    exit 1\nfi\n# This output is used by Xcode 'outputs' to avoid re-running this script phase.\necho \"SUCCESS\" > \"${SCRIPT_OUTPUT_FILE_0}\"\n";
			showEnvVarsInLog = 0;
		};
		C0CE4DC82C9D49683D9DD874 /* [CP] Embed Pods Frameworks */ = {
			isa = PBXShellScriptBuildPhase;
			buildActionMask = 2147483647;
			files = (
			);
			inputFileListPaths = (
			);
			inputPaths = (
				"${PODS_ROOT}/Target Support Files/Pods-CpPractice/Pods-CpPractice-frameworks.sh",
				"${BUILT_PRODUCTS_DIR}/Alamofire/Alamofire.framework",
				"${BUILT_PRODUCTS_DIR}/ESPullToRefresh/ESPullToRefresh.framework",
				"${BUILT_PRODUCTS_DIR}/IQKeyboardManagerSwift/IQKeyboardManagerSwift.framework",
				"${BUILT_PRODUCTS_DIR}/ReachabilitySwift/Reachability.framework",
				"${BUILT_PRODUCTS_DIR}/SnapKit/SnapKit.framework",
				"${BUILT_PRODUCTS_DIR}/SwiftyJSON/SwiftyJSON.framework",
			);
			name = "[CP] Embed Pods Frameworks";
			outputFileListPaths = (
			);
			outputPaths = (
				"${TARGET_BUILD_DIR}/${FRAMEWORKS_FOLDER_PATH}/Alamofire.framework",
				"${TARGET_BUILD_DIR}/${FRAMEWORKS_FOLDER_PATH}/ESPullToRefresh.framework",
				"${TARGET_BUILD_DIR}/${FRAMEWORKS_FOLDER_PATH}/IQKeyboardManagerSwift.framework",
				"${TARGET_BUILD_DIR}/${FRAMEWORKS_FOLDER_PATH}/Reachability.framework",
				"${TARGET_BUILD_DIR}/${FRAMEWORKS_FOLDER_PATH}/SnapKit.framework",
				"${TARGET_BUILD_DIR}/${FRAMEWORKS_FOLDER_PATH}/SwiftyJSON.framework",
			);
			runOnlyForDeploymentPostprocessing = 0;
			shellPath = /bin/sh;
			shellScript = "\"${PODS_ROOT}/Target Support Files/Pods-CpPractice/Pods-CpPractice-frameworks.sh\"\n";
			showEnvVarsInLog = 0;
		};
/* End PBXShellScriptBuildPhase section */

/* Begin PBXSourcesBuildPhase section */
		7469A440228BD05D0080E2C5 /* Sources */ = {
			isa = PBXSourcesBuildPhase;
			buildActionMask = 2147483647;
			files = (
				74855115229271CB005FE749 /* ActivitiesTableViewCell.swift in Sources */,
				74208F09228C03D500619263 /* MainCollectionHeaderView.swift in Sources */,
				7499C781228D16D8005F3FBC /* MineViewController.swift in Sources */,
				7499C77F228D16CD005F3FBC /* ActivitiesViewController.swift in Sources */,
				74FF0091228E80FE00A3DC65 /* BallView.swift in Sources */,
				7469A47B228BE23D0080E2C5 /* HeaderFile.swift in Sources */,
				7499C771228D102F005F3FBC /* TabBarButton.swift in Sources */,
				7499C77C228D154A005F3FBC /* AnnouncementViewController.swift in Sources */,
				7499C77A228D1533005F3FBC /* BuyHallViewController.swift in Sources */,
				7499C76F228D1014005F3FBC /* TabBar.swift in Sources */,
				7469A448228BD05D0080E2C5 /* AppDelegate.swift in Sources */,
				7499C77D228D168D005F3FBC /* HomeViewController.swift in Sources */,
				7499C76D228D1001005F3FBC /* TabBarViewController.swift in Sources */,
				74208F07228BEF3100619263 /* MainCollectionViewCell.swift in Sources */,
				74FF008F228E6C7D00A3DC65 /* AnnouncementTableViewCell.swift in Sources */,
				74208F0F228C1EE500619263 /* BaseViewController.swift in Sources */,
			);
			runOnlyForDeploymentPostprocessing = 0;
		};
		7469A454228BD05E0080E2C5 /* Sources */ = {
			isa = PBXSourcesBuildPhase;
			buildActionMask = 2147483647;
			files = (
				7469A45D228BD05E0080E2C5 /* CpPracticeTests.swift in Sources */,
			);
			runOnlyForDeploymentPostprocessing = 0;
		};
		7469A45F228BD05E0080E2C5 /* Sources */ = {
			isa = PBXSourcesBuildPhase;
			buildActionMask = 2147483647;
			files = (
				7469A468228BD05E0080E2C5 /* CpPracticeUITests.swift in Sources */,
			);
			runOnlyForDeploymentPostprocessing = 0;
		};
/* End PBXSourcesBuildPhase section */

/* Begin PBXTargetDependency section */
		7469A45A228BD05E0080E2C5 /* PBXTargetDependency */ = {
			isa = PBXTargetDependency;
			target = 7469A443228BD05D0080E2C5 /* CpPractice */;
			targetProxy = 7469A459228BD05E0080E2C5 /* PBXContainerItemProxy */;
		};
		7469A465228BD05E0080E2C5 /* PBXTargetDependency */ = {
			isa = PBXTargetDependency;
			target = 7469A443228BD05D0080E2C5 /* CpPractice */;
			targetProxy = 7469A464228BD05E0080E2C5 /* PBXContainerItemProxy */;
		};
/* End PBXTargetDependency section */

/* Begin PBXVariantGroup section */
		7469A450228BD05E0080E2C5 /* LaunchScreen.storyboard */ = {
			isa = PBXVariantGroup;
			children = (
				7469A451228BD05E0080E2C5 /* Base */,
			);
			name = LaunchScreen.storyboard;
			sourceTree = "<group>";
		};
/* End PBXVariantGroup section */

/* Begin XCBuildConfiguration section */
		7469A46A228BD05E0080E2C5 /* Debug */ = {
			isa = XCBuildConfiguration;
			buildSettings = {
				ALWAYS_SEARCH_USER_PATHS = NO;
				CLANG_ANALYZER_NONNULL = YES;
				CLANG_ANALYZER_NUMBER_OBJECT_CONVERSION = YES_AGGRESSIVE;
				CLANG_CXX_LANGUAGE_STANDARD = "gnu++14";
				CLANG_CXX_LIBRARY = "libc++";
				CLANG_ENABLE_MODULES = YES;
				CLANG_ENABLE_OBJC_ARC = YES;
				CLANG_ENABLE_OBJC_WEAK = YES;
				CLANG_WARN_BLOCK_CAPTURE_AUTORELEASING = YES;
				CLANG_WARN_BOOL_CONVERSION = YES;
				CLANG_WARN_COMMA = YES;
				CLANG_WARN_CONSTANT_CONVERSION = YES;
				CLANG_WARN_DEPRECATED_OBJC_IMPLEMENTATIONS = YES;
				CLANG_WARN_DIRECT_OBJC_ISA_USAGE = YES_ERROR;
				CLANG_WARN_DOCUMENTATION_COMMENTS = YES;
				CLANG_WARN_EMPTY_BODY = YES;
				CLANG_WARN_ENUM_CONVERSION = YES;
				CLANG_WARN_INFINITE_RECURSION = YES;
				CLANG_WARN_INT_CONVERSION = YES;
				CLANG_WARN_NON_LITERAL_NULL_CONVERSION = YES;
				CLANG_WARN_OBJC_IMPLICIT_RETAIN_SELF = YES;
				CLANG_WARN_OBJC_LITERAL_CONVERSION = YES;
				CLANG_WARN_OBJC_ROOT_CLASS = YES_ERROR;
				CLANG_WARN_RANGE_LOOP_ANALYSIS = YES;
				CLANG_WARN_STRICT_PROTOTYPES = YES;
				CLANG_WARN_SUSPICIOUS_MOVE = YES;
				CLANG_WARN_UNGUARDED_AVAILABILITY = YES_AGGRESSIVE;
				CLANG_WARN_UNREACHABLE_CODE = YES;
				CLANG_WARN__DUPLICATE_METHOD_MATCH = YES;
				CODE_SIGN_IDENTITY = "iPhone Developer";
				COPY_PHASE_STRIP = NO;
				DEBUG_INFORMATION_FORMAT = dwarf;
				ENABLE_STRICT_OBJC_MSGSEND = YES;
				ENABLE_TESTABILITY = YES;
				GCC_C_LANGUAGE_STANDARD = gnu11;
				GCC_DYNAMIC_NO_PIC = NO;
				GCC_NO_COMMON_BLOCKS = YES;
				GCC_OPTIMIZATION_LEVEL = 0;
				GCC_PREPROCESSOR_DEFINITIONS = (
					"DEBUG=1",
					"$(inherited)",
				);
				GCC_WARN_64_TO_32_BIT_CONVERSION = YES;
				GCC_WARN_ABOUT_RETURN_TYPE = YES_ERROR;
				GCC_WARN_UNDECLARED_SELECTOR = YES;
				GCC_WARN_UNINITIALIZED_AUTOS = YES_AGGRESSIVE;
				GCC_WARN_UNUSED_FUNCTION = YES;
				GCC_WARN_UNUSED_VARIABLE = YES;
				IPHONEOS_DEPLOYMENT_TARGET = 12.2;
				MTL_ENABLE_DEBUG_INFO = INCLUDE_SOURCE;
				MTL_FAST_MATH = YES;
				ONLY_ACTIVE_ARCH = YES;
				SDKROOT = iphoneos;
				SWIFT_ACTIVE_COMPILATION_CONDITIONS = DEBUG;
				SWIFT_OPTIMIZATION_LEVEL = "-Onone";
			};
			name = Debug;
		};
		7469A46B228BD05E0080E2C5 /* Release */ = {
			isa = XCBuildConfiguration;
			buildSettings = {
				ALWAYS_SEARCH_USER_PATHS = NO;
				CLANG_ANALYZER_NONNULL = YES;
				CLANG_ANALYZER_NUMBER_OBJECT_CONVERSION = YES_AGGRESSIVE;
				CLANG_CXX_LANGUAGE_STANDARD = "gnu++14";
				CLANG_CXX_LIBRARY = "libc++";
				CLANG_ENABLE_MODULES = YES;
				CLANG_ENABLE_OBJC_ARC = YES;
				CLANG_ENABLE_OBJC_WEAK = YES;
				CLANG_WARN_BLOCK_CAPTURE_AUTORELEASING = YES;
				CLANG_WARN_BOOL_CONVERSION = YES;
				CLANG_WARN_COMMA = YES;
				CLANG_WARN_CONSTANT_CONVERSION = YES;
				CLANG_WARN_DEPRECATED_OBJC_IMPLEMENTATIONS = YES;
				CLANG_WARN_DIRECT_OBJC_ISA_USAGE = YES_ERROR;
				CLANG_WARN_DOCUMENTATION_COMMENTS = YES;
				CLANG_WARN_EMPTY_BODY = YES;
				CLANG_WARN_ENUM_CONVERSION = YES;
				CLANG_WARN_INFINITE_RECURSION = YES;
				CLANG_WARN_INT_CONVERSION = YES;
				CLANG_WARN_NON_LITERAL_NULL_CONVERSION = YES;
				CLANG_WARN_OBJC_IMPLICIT_RETAIN_SELF = YES;
				CLANG_WARN_OBJC_LITERAL_CONVERSION = YES;
				CLANG_WARN_OBJC_ROOT_CLASS = YES_ERROR;
				CLANG_WARN_RANGE_LOOP_ANALYSIS = YES;
				CLANG_WARN_STRICT_PROTOTYPES = YES;
				CLANG_WARN_SUSPICIOUS_MOVE = YES;
				CLANG_WARN_UNGUARDED_AVAILABILITY = YES_AGGRESSIVE;
				CLANG_WARN_UNREACHABLE_CODE = YES;
				CLANG_WARN__DUPLICATE_METHOD_MATCH = YES;
				CODE_SIGN_IDENTITY = "iPhone Developer";
				COPY_PHASE_STRIP = NO;
				DEBUG_INFORMATION_FORMAT = "dwarf-with-dsym";
				ENABLE_NS_ASSERTIONS = NO;
				ENABLE_STRICT_OBJC_MSGSEND = YES;
				GCC_C_LANGUAGE_STANDARD = gnu11;
				GCC_NO_COMMON_BLOCKS = YES;
				GCC_WARN_64_TO_32_BIT_CONVERSION = YES;
				GCC_WARN_ABOUT_RETURN_TYPE = YES_ERROR;
				GCC_WARN_UNDECLARED_SELECTOR = YES;
				GCC_WARN_UNINITIALIZED_AUTOS = YES_AGGRESSIVE;
				GCC_WARN_UNUSED_FUNCTION = YES;
				GCC_WARN_UNUSED_VARIABLE = YES;
				IPHONEOS_DEPLOYMENT_TARGET = 12.2;
				MTL_ENABLE_DEBUG_INFO = NO;
				MTL_FAST_MATH = YES;
				SDKROOT = iphoneos;
				SWIFT_COMPILATION_MODE = wholemodule;
				SWIFT_OPTIMIZATION_LEVEL = "-O";
				VALIDATE_PRODUCT = YES;
			};
			name = Release;
		};
		7469A46D228BD05E0080E2C5 /* Debug */ = {
			isa = XCBuildConfiguration;
			baseConfigurationReference = 3E6D89DA5396DF8C6EB9128A /* Pods-CpPractice.debug.xcconfig */;
			buildSettings = {
				ASSETCATALOG_COMPILER_APPICON_NAME = AppIcon;
				CODE_SIGN_STYLE = Manual;
				DEVELOPMENT_TEAM = "";
				GCC_PREFIX_HEADER = "";
				INFOPLIST_FILE = CpPractice/Info.plist;
				LD_RUNPATH_SEARCH_PATHS = (
					"$(inherited)",
					"@executable_path/Frameworks",
				);
				PRODUCT_BUNDLE_IDENTIFIER = com.xxx.CpPractice;
				PRODUCT_NAME = "$(TARGET_NAME)";
				PROVISIONING_PROFILE_SPECIFIER = "";
				SWIFT_VERSION = 5.0;
				TARGETED_DEVICE_FAMILY = "1,2";
			};
			name = Debug;
		};
		7469A46E228BD05E0080E2C5 /* Release */ = {
			isa = XCBuildConfiguration;
			baseConfigurationReference = 38A7D6D53700DA7E3D32EC52 /* Pods-CpPractice.release.xcconfig */;
			buildSettings = {
				ASSETCATALOG_COMPILER_APPICON_NAME = AppIcon;
				CODE_SIGN_STYLE = Manual;
				DEVELOPMENT_TEAM = "";
				GCC_PREFIX_HEADER = "";
				INFOPLIST_FILE = CpPractice/Info.plist;
				LD_RUNPATH_SEARCH_PATHS = (
					"$(inherited)",
					"@executable_path/Frameworks",
				);
				PRODUCT_BUNDLE_IDENTIFIER = com.xxx.CpPractice;
				PRODUCT_NAME = "$(TARGET_NAME)";
				PROVISIONING_PROFILE_SPECIFIER = "";
				SWIFT_VERSION = 5.0;
				TARGETED_DEVICE_FAMILY = "1,2";
			};
			name = Release;
		};
		7469A470228BD05E0080E2C5 /* Debug */ = {
			isa = XCBuildConfiguration;
			buildSettings = {
				ALWAYS_EMBED_SWIFT_STANDARD_LIBRARIES = YES;
				BUNDLE_LOADER = "$(TEST_HOST)";
				CODE_SIGN_STYLE = Automatic;
				INFOPLIST_FILE = CpPracticeTests/Info.plist;
				LD_RUNPATH_SEARCH_PATHS = (
					"$(inherited)",
					"@executable_path/Frameworks",
					"@loader_path/Frameworks",
				);
				PRODUCT_BUNDLE_IDENTIFIER = com.xxx.CpPracticeTests;
				PRODUCT_NAME = "$(TARGET_NAME)";
				SWIFT_VERSION = 5.0;
				TARGETED_DEVICE_FAMILY = "1,2";
				TEST_HOST = "$(BUILT_PRODUCTS_DIR)/CpPractice.app/CpPractice";
			};
			name = Debug;
		};
		7469A471228BD05E0080E2C5 /* Release */ = {
			isa = XCBuildConfiguration;
			buildSettings = {
				ALWAYS_EMBED_SWIFT_STANDARD_LIBRARIES = YES;
				BUNDLE_LOADER = "$(TEST_HOST)";
				CODE_SIGN_STYLE = Automatic;
				INFOPLIST_FILE = CpPracticeTests/Info.plist;
				LD_RUNPATH_SEARCH_PATHS = (
					"$(inherited)",
					"@executable_path/Frameworks",
					"@loader_path/Frameworks",
				);
				PRODUCT_BUNDLE_IDENTIFIER = com.xxx.CpPracticeTests;
				PRODUCT_NAME = "$(TARGET_NAME)";
				SWIFT_VERSION = 5.0;
				TARGETED_DEVICE_FAMILY = "1,2";
				TEST_HOST = "$(BUILT_PRODUCTS_DIR)/CpPractice.app/CpPractice";
			};
			name = Release;
		};
		7469A473228BD05E0080E2C5 /* Debug */ = {
			isa = XCBuildConfiguration;
			buildSettings = {
				ALWAYS_EMBED_SWIFT_STANDARD_LIBRARIES = YES;
				CODE_SIGN_STYLE = Automatic;
				INFOPLIST_FILE = CpPracticeUITests/Info.plist;
				LD_RUNPATH_SEARCH_PATHS = (
					"$(inherited)",
					"@executable_path/Frameworks",
					"@loader_path/Frameworks",
				);
				PRODUCT_BUNDLE_IDENTIFIER = com.xxx.CpPracticeUITests;
				PRODUCT_NAME = "$(TARGET_NAME)";
				SWIFT_VERSION = 5.0;
				TARGETED_DEVICE_FAMILY = "1,2";
				TEST_TARGET_NAME = CpPractice;
			};
			name = Debug;
		};
		7469A474228BD05E0080E2C5 /* Release */ = {
			isa = XCBuildConfiguration;
			buildSettings = {
				ALWAYS_EMBED_SWIFT_STANDARD_LIBRARIES = YES;
				CODE_SIGN_STYLE = Automatic;
				INFOPLIST_FILE = CpPracticeUITests/Info.plist;
				LD_RUNPATH_SEARCH_PATHS = (
					"$(inherited)",
					"@executable_path/Frameworks",
					"@loader_path/Frameworks",
				);
				PRODUCT_BUNDLE_IDENTIFIER = com.xxx.CpPracticeUITests;
				PRODUCT_NAME = "$(TARGET_NAME)";
				SWIFT_VERSION = 5.0;
				TARGETED_DEVICE_FAMILY = "1,2";
				TEST_TARGET_NAME = CpPractice;
			};
			name = Release;
		};
/* End XCBuildConfiguration section */

/* Begin XCConfigurationList section */
		7469A43F228BD05D0080E2C5 /* Build configuration list for PBXProject "CpPractice" */ = {
			isa = XCConfigurationList;
			buildConfigurations = (
				7469A46A228BD05E0080E2C5 /* Debug */,
				7469A46B228BD05E0080E2C5 /* Release */,
			);
			defaultConfigurationIsVisible = 0;
			defaultConfigurationName = Release;
		};
		7469A46C228BD05E0080E2C5 /* Build configuration list for PBXNativeTarget "CpPractice" */ = {
			isa = XCConfigurationList;
			buildConfigurations = (
				7469A46D228BD05E0080E2C5 /* Debug */,
				7469A46E228BD05E0080E2C5 /* Release */,
			);
			defaultConfigurationIsVisible = 0;
			defaultConfigurationName = Release;
		};
		7469A46F228BD05E0080E2C5 /* Build configuration list for PBXNativeTarget "CpPracticeTests" */ = {
			isa = XCConfigurationList;
			buildConfigurations = (
				7469A470228BD05E0080E2C5 /* Debug */,
				7469A471228BD05E0080E2C5 /* Release */,
			);
			defaultConfigurationIsVisible = 0;
			defaultConfigurationName = Release;
		};
		7469A472228BD05E0080E2C5 /* Build configuration list for PBXNativeTarget "CpPracticeUITests" */ = {
			isa = XCConfigurationList;
			buildConfigurations = (
				7469A473228BD05E0080E2C5 /* Debug */,
				7469A474228BD05E0080E2C5 /* Release */,
			);
			defaultConfigurationIsVisible = 0;
			defaultConfigurationName = Release;
		};
/* End XCConfigurationList section */
	};
	rootObject = 7469A43C228BD05D0080E2C5 /* Project object */;
}
